
Microsoft Visual Studio Solution File, Format Version 12.00
# Visual Studio Version 17
VisualStudioVersion = 17.11.35303.130
MinimumVisualStudioVersion = 10.0.40219.1
Project("{2150E333-8FDC-42A3-9474-1A3956D46DE8}") = "Task0", "Task0", "{F688FC14-A2D5-4C2C-9AF9-9A39F41CFE55}"
EndProject
Project("{9A19103F-16F7-4668-BE54-9A1E7A4F7556}") = "Tyuiu.VlasenkoDA.Sprint0.Task0.V0", "Tyuiu.VlasenkoDA.Sprint0.Task0.V0\Tyuiu.VlasenkoDA.Sprint0.Task0.V0.csproj", "{293F31A9-C2B5-4B72-910F-B36B59E5ABC6}"
EndProject
Project("{2150E333-8FDC-42A3-9474-1A3956D46DE8}") = "Task1", "Task1", "{BF15BA2D-11B7-46C2-844E-4BBE5AC59C4E}"
EndProject
Project("{9A19103F-16F7-4668-BE54-9A1E7A4F7556}") = "Tyuiu.VlasenkoDA.Sprint0.Task1.V0", "Tyuiu.VlasenkoDA.Sprint0.Task1.V0\Tyuiu.VlasenkoDA.Sprint0.Task1.V0.csproj", "{C5D9CEC1-9641-4281-A314-3E84A2CA3F97}"
EndProject
Project("{2150E333-8FDC-42A3-9474-1A3956D46DE8}") = "Task2", "Task2", "{A00D57E7-D677-4478-85A5-AF044DA31943}"
EndProject
Project("{9A19103F-16F7-4668-BE54-9A1E7A4F7556}") = "Tyuiu.VlasenkoDA.Sprint0.Task2.V0", "Tyuiu.VlasenkoDA.Sprint0.Task2.V0\Tyuiu.VlasenkoDA.Sprint0.Task2.V0.csproj", "{2C219E44-F78A-43B9-8E40-29CD19CC0DD6}"
EndProject
Project("{9A19103F-16F7-4668-BE54-9A1E7A4F7556}") = "Tyuiu.VlasenkoDA.Sprint0.Task2.V0.Lib", "Tyuiu.VlasenkoDA.Sprint0.Task2.V0.Lib\Tyuiu.VlasenkoDA.Sprint0.Task2.V0.Lib.csproj", "{02A0054D-5519-4849-AB78-06EA139468B5}"
EndProject
Project("{9A19103F-16F7-4668-BE54-9A1E7A4F7556}") = "Tyuiu.VlasenkoDA.Sprint0.Task2.V0.Test", "Tyuiu.VlasenkoDA.Sprint0.Task2.V0.Test\Tyuiu.VlasenkoDA.Sprint0.Task2.V0.Test.csproj", "{F03B0E0C-112B-4517-B941-7CB4682B6626}"
EndProject
Project("{2150E333-8FDC-42A3-9474-1A3956D46DE8}") = "Task3", "Task3", "{E3C8EEA6-0004-48A7-A4FE-07A6308B05F8}"
EndProject
Project("{9A19103F-16F7-4668-BE54-9A1E7A4F7556}") = "Tyuiu.VlasenkoDA.Sprint0.Task3.V0", "Tyuiu.VlasenkoDA.Sprint0.Task3.V0\Tyuiu.VlasenkoDA.Sprint0.Task3.V0.csproj", "{5D57E0EB-2CD7-4811-BA39-61E1BDB245CA}"
EndProject
Project("{9A19103F-16F7-4668-BE54-9A1E7A4F7556}") = "Tyuiu.VlasenkoDA.Sprint0.Task3.V0.Lib", "Tyuiu.VlasenkoDA.Sprint0.Task3.V0.Lib\Tyuiu.VlasenkoDA.Sprint0.Task3.V0.Lib.csproj", "{65FAAA82-FC2E-42B4-A957-CDF9A3702B2A}"
EndProject
Project("{9A19103F-16F7-4668-BE54-9A1E7A4F7556}") = "Tyuiu.VlasenkoDA.Sprint0.Task3.V0.Test", "Tyuiu.VlasenkoDA.Sprint0.Task3.V0.Test\Tyuiu.VlasenkoDA.Sprint0.Task3.V0.Test.csproj", "{006D2D05-8CEE-46DB-8FD5-3EBBE2A19220}"
EndProject
Project("{2150E333-8FDC-42A3-9474-1A3956D46DE8}") = "Task4", "Task4", "{833F4457-6333-493D-9FC4-522EB40CC941}"
EndProject
Project("{9A19103F-16F7-4668-BE54-9A1E7A4F7556}") = "Tyuiu.VlasenkoDA.Sprint0.Task4.V0", "Tyuiu.VlasenkoDA.Sprint0.Task4.V0\Tyuiu.VlasenkoDA.Sprint0.Task4.V0.csproj", "{B1C0F3C6-CF95-4CF3-922A-DCCDEDCCAE24}"
EndProject
Project("{9A19103F-16F7-4668-BE54-9A1E7A4F7556}") = "Tyuiu.VlasenkoDA.Sprint0.Task4.V0.Lib", "Tyuiu.VlasenkoDA.Sprint0.Task4.V0.Lib\Tyuiu.VlasenkoDA.Sprint0.Task4.V0.Lib.csproj", "{9F2F1D91-7493-4143-A539-BE78B2201FB1}"
EndProject
Project("{9A19103F-16F7-4668-BE54-9A1E7A4F7556}") = "Tyuiu.VlasenkoDA.Sprint0.Task4.V0.Test", "Tyuiu.VlasenkoDA.Sprint0.Task4.V0.Test\Tyuiu.VlasenkoDA.Sprint0.Task4.V0.Test.csproj", "{A98F8A69-1061-4C1F-B5A0-DA637390C773}"
EndProject
Project("{2150E333-8FDC-42A3-9474-1A3956D46DE8}") = "Task5", "Task5", "{5D432945-0B74-460A-A933-DD3DC4EF1A54}"
EndProject
Project("{9A19103F-16F7-4668-BE54-9A1E7A4F7556}") = "Tyuiu.VlasenkoDA.Sprint0.Task5.V0", "Tyuiu.VlasenkoDA.Sprint0.Task5.V0\Tyuiu.VlasenkoDA.Sprint0.Task5.V0.csproj", "{3BDC3DEF-D96C-4F2A-A069-18ECAC3A5EA1}"
EndProject
Project("{9A19103F-16F7-4668-BE54-9A1E7A4F7556}") = "Tyuiu.VlasenkoDA.Sprint0.Task5.V0.Lib", "Tyuiu.VlasenkoDA.Sprint0.Task5.V0.Lib\Tyuiu.VlasenkoDA.Sprint0.Task5.V0.Lib.csproj", "{416AB72E-9E17-4042-89BB-E454D0904027}"
EndProject
Project("{9A19103F-16F7-4668-BE54-9A1E7A4F7556}") = "Tyuiu.VlasenkoDA.Sprint0.Task5.V0.Test", "Tyuiu.VlasenkoDA.Sprint0.Task5.V0.Test\Tyuiu.VlasenkoDA.Sprint0.Task5.V0.Test.csproj", "{C824CEDC-AC6F-4ECD-84D5-EBB5F7300D05}"
EndProject
Project("{2150E333-8FDC-42A3-9474-1A3956D46DE8}") = "Task6", "Task6", "{C6D18F38-9FB6-4142-AB0B-347EBD0626C2}"
EndProject
Project("{9A19103F-16F7-4668-BE54-9A1E7A4F7556}") = "Tyuiu.VlasenkoDA.Sprint0.Task6.V0", "Tyuiu.VlasenkoDA.Sprint0.Task6.V0\Tyuiu.VlasenkoDA.Sprint0.Task6.V0.csproj", "{AA6EAC98-AB69-4FDA-B394-B546850F5A17}"
EndProject
Project("{9A19103F-16F7-4668-BE54-9A1E7A4F7556}") = "Tyuiu.VlasenkoDA.Sprint0.Task6.V0.Lib", "Tyuiu.VlasenkoDA.Sprint0.Task6.V0.Lib\Tyuiu.VlasenkoDA.Sprint0.Task6.V0.Lib.csproj", "{4BEC9209-8FF3-4BD0-954A-549213CE58BB}"
EndProject
Project("{9A19103F-16F7-4668-BE54-9A1E7A4F7556}") = "Tyuiu.VlasenkoDA.Sprint0.Task6.V0.Test", "Tyuiu.VlasenkoDA.Sprint0.Task6.V0.Test\Tyuiu.VlasenkoDA.Sprint0.Task6.V0.Test.csproj", "{281808D7-B234-426F-9FE0-3E3A27BB4492}"
EndProject
Project("{2150E333-8FDC-42A3-9474-1A3956D46DE8}") = "Task7", "Task7", "{DEAB04D2-018D-4F5F-85CF-163C4E533C29}"
EndProject
Project("{FAE04EC0-301F-11D3-BF4B-00C04F79EFBC}") = "Tyuiu.VlasenkoDA.Sprint0.Task7.V0", "Tyuiu.VlasenkoDA.Sprint0.Task7.V0\Tyuiu.VlasenkoDA.Sprint0.Task7.V0.csproj", "{6F6DF356-31E1-43BB-BE36-616DC5211622}"
EndProject
Project("{FAE04EC0-301F-11D3-BF4B-00C04F79EFBC}") = "Tyuiu.VlasenkoDA.Sprint0.Task7.V0.Lib", "Tyuiu.VlasenkoDA.Sprint0.Task7.V0.Lib\Tyuiu.VlasenkoDA.Sprint0.Task7.V0.Lib.csproj", "{31B0CCC8-95C4-44DB-9ADC-B8A621340327}"
EndProject
Project("{FAE04EC0-301F-11D3-BF4B-00C04F79EFBC}") = "Tyuiu.VlasenkoDA.Sprint0.Task7.V0.Test", "Tyuiu.VlasenkoDA.Sprint0.Task7.V0.Test\Tyuiu.VlasenkoDA.Sprint0.Task7.V0.Test.csproj", "{7CA46DD2-0C8A-4667-98CE-72FEEDA41A1B}"
EndProject
Global
	GlobalSection(SolutionConfigurationPlatforms) = preSolution
		Debug|Any CPU = Debug|Any CPU
		Release|Any CPU = Release|Any CPU
	EndGlobalSection
	GlobalSection(ProjectConfigurationPlatforms) = postSolution
		{293F31A9-C2B5-4B72-910F-B36B59E5ABC6}.Debug|Any CPU.ActiveCfg = Debug|Any CPU
		{293F31A9-C2B5-4B72-910F-B36B59E5ABC6}.Debug|Any CPU.Build.0 = Debug|Any CPU
		{293F31A9-C2B5-4B72-910F-B36B59E5ABC6}.Release|Any CPU.ActiveCfg = Release|Any CPU
		{293F31A9-C2B5-4B72-910F-B36B59E5ABC6}.Release|Any CPU.Build.0 = Release|Any CPU
		{C5D9CEC1-9641-4281-A314-3E84A2CA3F97}.Debug|Any CPU.ActiveCfg = Debug|Any CPU
		{C5D9CEC1-9641-4281-A314-3E84A2CA3F97}.Debug|Any CPU.Build.0 = Debug|Any CPU
		{C5D9CEC1-9641-4281-A314-3E84A2CA3F97}.Release|Any CPU.ActiveCfg = Release|Any CPU
		{C5D9CEC1-9641-4281-A314-3E84A2CA3F97}.Release|Any CPU.Build.0 = Release|Any CPU
		{2C219E44-F78A-43B9-8E40-29CD19CC0DD6}.Debug|Any CPU.ActiveCfg = Debug|Any CPU
		{2C219E44-F78A-43B9-8E40-29CD19CC0DD6}.Debug|Any CPU.Build.0 = Debug|Any CPU
		{2C219E44-F78A-43B9-8E40-29CD19CC0DD6}.Release|Any CPU.ActiveCfg = Release|Any CPU
		{2C219E44-F78A-43B9-8E40-29CD19CC0DD6}.Release|Any CPU.Build.0 = Release|Any CPU
		{02A0054D-5519-4849-AB78-06EA139468B5}.Debug|Any CPU.ActiveCfg = Debug|Any CPU
		{02A0054D-5519-4849-AB78-06EA139468B5}.Debug|Any CPU.Build.0 = Debug|Any CPU
		{02A0054D-5519-4849-AB78-06EA139468B5}.Release|Any CPU.ActiveCfg = Release|Any CPU
		{02A0054D-5519-4849-AB78-06EA139468B5}.Release|Any CPU.Build.0 = Release|Any CPU
		{F03B0E0C-112B-4517-B941-7CB4682B6626}.Debug|Any CPU.ActiveCfg = Debug|Any CPU
		{F03B0E0C-112B-4517-B941-7CB4682B6626}.Debug|Any CPU.Build.0 = Debug|Any CPU
		{F03B0E0C-112B-4517-B941-7CB4682B6626}.Release|Any CPU.ActiveCfg = Release|Any CPU
		{F03B0E0C-112B-4517-B941-7CB4682B6626}.Release|Any CPU.Build.0 = Release|Any CPU
		{5D57E0EB-2CD7-4811-BA39-61E1BDB245CA}.Debug|Any CPU.ActiveCfg = Debug|Any CPU
		{5D57E0EB-2CD7-4811-BA39-61E1BDB245CA}.Debug|Any CPU.Build.0 = Debug|Any CPU
		{5D57E0EB-2CD7-4811-BA39-61E1BDB245CA}.Release|Any CPU.ActiveCfg = Release|Any CPU
		{5D57E0EB-2CD7-4811-BA39-61E1BDB245CA}.Release|Any CPU.Build.0 = Release|Any CPU
		{65FAAA82-FC2E-42B4-A957-CDF9A3702B2A}.Debug|Any CPU.ActiveCfg = Debug|Any CPU
		{65FAAA82-FC2E-42B4-A957-CDF9A3702B2A}.Debug|Any CPU.Build.0 = Debug|Any CPU
		{65FAAA82-FC2E-42B4-A957-CDF9A3702B2A}.Release|Any CPU.ActiveCfg = Release|Any CPU
		{65FAAA82-FC2E-42B4-A957-CDF9A3702B2A}.Release|Any CPU.Build.0 = Release|Any CPU
		{006D2D05-8CEE-46DB-8FD5-3EBBE2A19220}.Debug|Any CPU.ActiveCfg = Debug|Any CPU
		{006D2D05-8CEE-46DB-8FD5-3EBBE2A19220}.Debug|Any CPU.Build.0 = Debug|Any CPU
		{006D2D05-8CEE-46DB-8FD5-3EBBE2A19220}.Release|Any CPU.ActiveCfg = Release|Any CPU
		{006D2D05-8CEE-46DB-8FD5-3EBBE2A19220}.Release|Any CPU.Build.0 = Release|Any CPU
		{B1C0F3C6-CF95-4CF3-922A-DCCDEDCCAE24}.Debug|Any CPU.ActiveCfg = Debug|Any CPU
		{B1C0F3C6-CF95-4CF3-922A-DCCDEDCCAE24}.Debug|Any CPU.Build.0 = Debug|Any CPU
		{B1C0F3C6-CF95-4CF3-922A-DCCDEDCCAE24}.Release|Any CPU.ActiveCfg = Release|Any CPU
		{B1C0F3C6-CF95-4CF3-922A-DCCDEDCCAE24}.Release|Any CPU.Build.0 = Release|Any CPU
		{9F2F1D91-7493-4143-A539-BE78B2201FB1}.Debug|Any CPU.ActiveCfg = Debug|Any CPU
		{9F2F1D91-7493-4143-A539-BE78B2201FB1}.Debug|Any CPU.Build.0 = Debug|Any CPU
		{9F2F1D91-7493-4143-A539-BE78B2201FB1}.Release|Any CPU.ActiveCfg = Release|Any CPU
		{9F2F1D91-7493-4143-A539-BE78B2201FB1}.Release|Any CPU.Build.0 = Release|Any CPU
		{A98F8A69-1061-4C1F-B5A0-DA637390C773}.Debug|Any CPU.ActiveCfg = Debug|Any CPU
		{A98F8A69-1061-4C1F-B5A0-DA637390C773}.Debug|Any CPU.Build.0 = Debug|Any CPU
		{A98F8A69-1061-4C1F-B5A0-DA637390C773}.Release|Any CPU.ActiveCfg = Release|Any CPU
		{A98F8A69-1061-4C1F-B5A0-DA637390C773}.Release|Any CPU.Build.0 = Release|Any CPU
		{3BDC3DEF-D96C-4F2A-A069-18ECAC3A5EA1}.Debug|Any CPU.ActiveCfg = Debug|Any CPU
		{3BDC3DEF-D96C-4F2A-A069-18ECAC3A5EA1}.Debug|Any CPU.Build.0 = Debug|Any CPU
		{3BDC3DEF-D96C-4F2A-A069-18ECAC3A5EA1}.Release|Any CPU.ActiveCfg = Release|Any CPU
		{3BDC3DEF-D96C-4F2A-A069-18ECAC3A5EA1}.Release|Any CPU.Build.0 = Release|Any CPU
		{416AB72E-9E17-4042-89BB-E454D0904027}.Debug|Any CPU.ActiveCfg = Debug|Any CPU
		{416AB72E-9E17-4042-89BB-E454D0904027}.Debug|Any CPU.Build.0 = Debug|Any CPU
		{416AB72E-9E17-4042-89BB-E454D0904027}.Release|Any CPU.ActiveCfg = Release|Any CPU
		{416AB72E-9E17-4042-89BB-E454D0904027}.Release|Any CPU.Build.0 = Release|Any CPU
		{C824CEDC-AC6F-4ECD-84D5-EBB5F7300D05}.Debug|Any CPU.ActiveCfg = Debug|Any CPU
		{C824CEDC-AC6F-4ECD-84D5-EBB5F7300D05}.Debug|Any CPU.Build.0 = Debug|Any CPU
		{C824CEDC-AC6F-4ECD-84D5-EBB5F7300D05}.Release|Any CPU.ActiveCfg = Release|Any CPU
		{C824CEDC-AC6F-4ECD-84D5-EBB5F7300D05}.Release|Any CPU.Build.0 = Release|Any CPU
		{AA6EAC98-AB69-4FDA-B394-B546850F5A17}.Debug|Any CPU.ActiveCfg = Debug|Any CPU
		{AA6EAC98-AB69-4FDA-B394-B546850F5A17}.Debug|Any CPU.Build.0 = Debug|Any CPU
		{AA6EAC98-AB69-4FDA-B394-B546850F5A17}.Release|Any CPU.ActiveCfg = Release|Any CPU
		{AA6EAC98-AB69-4FDA-B394-B546850F5A17}.Release|Any CPU.Build.0 = Release|Any CPU
		{4BEC9209-8FF3-4BD0-954A-549213CE58BB}.Debug|Any CPU.ActiveCfg = Debug|Any CPU
		{4BEC9209-8FF3-4BD0-954A-549213CE58BB}.Debug|Any CPU.Build.0 = Debug|Any CPU
		{4BEC9209-8FF3-4BD0-954A-549213CE58BB}.Release|Any CPU.ActiveCfg = Release|Any CPU
		{4BEC9209-8FF3-4BD0-954A-549213CE58BB}.Release|Any CPU.Build.0 = Release|Any CPU
		{281808D7-B234-426F-9FE0-3E3A27BB4492}.Debug|Any CPU.ActiveCfg = Debug|Any CPU
		{281808D7-B234-426F-9FE0-3E3A27BB4492}.Debug|Any CPU.Build.0 = Debug|Any CPU
		{281808D7-B234-426F-9FE0-3E3A27BB4492}.Release|Any CPU.ActiveCfg = Release|Any CPU
		{281808D7-B234-426F-9FE0-3E3A27BB4492}.Release|Any CPU.Build.0 = Release|Any CPU
		{6F6DF356-31E1-43BB-BE36-616DC5211622}.Debug|Any CPU.ActiveCfg = Debug|Any CPU
		{6F6DF356-31E1-43BB-BE36-616DC5211622}.Debug|Any CPU.Build.0 = Debug|Any CPU
		{6F6DF356-31E1-43BB-BE36-616DC5211622}.Release|Any CPU.ActiveCfg = Release|Any CPU
		{6F6DF356-31E1-43BB-BE36-616DC5211622}.Release|Any CPU.Build.0 = Release|Any CPU
		{31B0CCC8-95C4-44DB-9ADC-B8A621340327}.Debug|Any CPU.ActiveCfg = Debug|Any CPU
		{31B0CCC8-95C4-44DB-9ADC-B8A621340327}.Debug|Any CPU.Build.0 = Debug|Any CPU
		{31B0CCC8-95C4-44DB-9ADC-B8A621340327}.Release|Any CPU.ActiveCfg = Release|Any CPU
		{31B0CCC8-95C4-44DB-9ADC-B8A621340327}.Release|Any CPU.Build.0 = Release|Any CPU
		{7CA46DD2-0C8A-4667-98CE-72FEEDA41A1B}.Debug|Any CPU.ActiveCfg = Debug|Any CPU
		{7CA46DD2-0C8A-4667-98CE-72FEEDA41A1B}.Debug|Any CPU.Build.0 = Debug|Any CPU
		{7CA46DD2-0C8A-4667-98CE-72FEEDA41A1B}.Release|Any CPU.ActiveCfg = Release|Any CPU
		{7CA46DD2-0C8A-4667-98CE-72FEEDA41A1B}.Release|Any CPU.Build.0 = Release|Any CPU
	EndGlobalSection
	GlobalSection(SolutionProperties) = preSolution
		HideSolutionNode = FALSE
	EndGlobalSection
	GlobalSection(NestedProjects) = preSolution
		{293F31A9-C2B5-4B72-910F-B36B59E5ABC6} = {F688FC14-A2D5-4C2C-9AF9-9A39F41CFE55}
		{C5D9CEC1-9641-4281-A314-3E84A2CA3F97} = {BF15BA2D-11B7-46C2-844E-4BBE5AC59C4E}
		{2C219E44-F78A-43B9-8E40-29CD19CC0DD6} = {A00D57E7-D677-4478-85A5-AF044DA31943}
		{02A0054D-5519-4849-AB78-06EA139468B5} = {A00D57E7-D677-4478-85A5-AF044DA31943}
		{F03B0E0C-112B-4517-B941-7CB4682B6626} = {A00D57E7-D677-4478-85A5-AF044DA31943}
		{5D57E0EB-2CD7-4811-BA39-61E1BDB245CA} = {E3C8EEA6-0004-48A7-A4FE-07A6308B05F8}
		{65FAAA82-FC2E-42B4-A957-CDF9A3702B2A} = {E3C8EEA6-0004-48A7-A4FE-07A6308B05F8}
		{006D2D05-8CEE-46DB-8FD5-3EBBE2A19220} = {E3C8EEA6-0004-48A7-A4FE-07A6308B05F8}
		{B1C0F3C6-CF95-4CF3-922A-DCCDEDCCAE24} = {833F4457-6333-493D-9FC4-522EB40CC941}
		{9F2F1D91-7493-4143-A539-BE78B2201FB1} = {833F4457-6333-493D-9FC4-522EB40CC941}
		{A98F8A69-1061-4C1F-B5A0-DA637390C773} = {833F4457-6333-493D-9FC4-522EB40CC941}
		{3BDC3DEF-D96C-4F2A-A069-18ECAC3A5EA1} = {5D432945-0B74-460A-A933-DD3DC4EF1A54}
		{416AB72E-9E17-4042-89BB-E454D0904027} = {5D432945-0B74-460A-A933-DD3DC4EF1A54}
		{C824CEDC-AC6F-4ECD-84D5-EBB5F7300D05} = {5D432945-0B74-460A-A933-DD3DC4EF1A54}
		{AA6EAC98-AB69-4FDA-B394-B546850F5A17} = {C6D18F38-9FB6-4142-AB0B-347EBD0626C2}
		{4BEC9209-8FF3-4BD0-954A-549213CE58BB} = {C6D18F38-9FB6-4142-AB0B-347EBD0626C2}
		{281808D7-B234-426F-9FE0-3E3A27BB4492} = {C6D18F38-9FB6-4142-AB0B-347EBD0626C2}
		{6F6DF356-31E1-43BB-BE36-616DC5211622} = {DEAB04D2-018D-4F5F-85CF-163C4E533C29}
		{31B0CCC8-95C4-44DB-9ADC-B8A621340327} = {DEAB04D2-018D-4F5F-85CF-163C4E533C29}
		{7CA46DD2-0C8A-4667-98CE-72FEEDA41A1B} = {DEAB04D2-018D-4F5F-85CF-163C4E533C29}
	EndGlobalSection
	GlobalSection(ExtensibilityGlobals) = postSolution
		SolutionGuid = {3C966A49-8658-403A-B314-E52D535BB768}
	EndGlobalSection
EndGlobal
